{
  "lockfileVersion": 1,
  "configVersion": 1,
  "workspaces": {
    "": {
      "dependencies": {
        "pocketbase": "^0.26.5",
      },
    },
  },
  "packages": {
    "pocketbase": ["pocketbase@0.26.5", "", {}, "sha512-SXcq+sRvVpNxfLxPB1C+8eRatL7ZY4o3EVl/0OdE3MeR9fhPyZt0nmmxLqYmkLvXCN9qp3lXWV/0EUYb3MmMXQ=="],
  }
}
